{
  "version": 4,
  "terraform_version": "0.12.13",
  "serial": 7,
  "lineage": "3d128704-8586-5670-1b92-c958b825e114",
  "outputs": {},
  "resources": [
    {
      "mode": "data",
      "type": "azurerm_resource_group",
      "name": "cloud",
      "provider": "provider.azurerm",
      "instances": [
        {
          "schema_version": 0,
          "attributes": {
            "id": "/subscriptions/7ec2d811-45cb-4534-abf7-75b6ff9f0b69/resourceGroups/SAN-CloudLearners2019",
            "location": "southafricanorth",
            "name": "SAN-CloudLearners2019",
            "tags": {
              "Billing Application Name": "Private Cloud_n",
              "Billing Foreign Key": "TC00081",
              "Created": "2019-06-27T08:47:54Z",
              "SystemOwner": "Bianca.Swartz@standardbank.co.za",
              "TechnicalOwner": "Robert.Ongom@standardbank.co.za"
            },
            "timeouts": null
          }
        }
      ]
    },
    {
      "mode": "managed",
      "type": "azurerm_storage_account",
      "name": "la-storage",
      "provider": "provider.azurerm",
      "instances": [
        {
          "schema_version": 2,
          "attributes": {
            "access_tier": "",
            "account_encryption_source": "Microsoft.Storage",
            "account_kind": "Storage",
            "account_replication_type": "GRS",
            "account_tier": "Standard",
            "account_type": "Standard_GRS",
            "custom_domain": [],
            "enable_advanced_threat_protection": false,
            "enable_blob_encryption": true,
            "enable_file_encryption": true,
            "enable_https_traffic_only": false,
            "id": "/subscriptions/7ec2d811-45cb-4534-abf7-75b6ff9f0b69/resourceGroups/SAN-CloudLearners2019/providers/Microsoft.Storage/storageAccounts/cloudlearners",
            "identity": [],
            "is_hns_enabled": false,
            "location": "southafricanorth",
            "name": "cloudlearners",
            "network_rules": [],
            "primary_access_key": "tseI0AFWt3Nzidpl2ZHe+/dVPKcUuSGjXHh9RLql5vROUHDS05VlpBSxD8fVHQFTFlDUVMIfAhu7oa8lOUKjGw==",
            "primary_blob_connection_string": "DefaultEndpointsProtocol=https;BlobEndpoint=https://cloudlearners.blob.core.windows.net/;AccountName=cloudlearners;AccountKey=tseI0AFWt3Nzidpl2ZHe+/dVPKcUuSGjXHh9RLql5vROUHDS05VlpBSxD8fVHQFTFlDUVMIfAhu7oa8lOUKjGw==",
            "primary_blob_endpoint": "https://cloudlearners.blob.core.windows.net/",
            "primary_blob_host": "cloudlearners.blob.core.windows.net",
            "primary_connection_string": "DefaultEndpointsProtocol=https;AccountName=cloudlearners;AccountKey=tseI0AFWt3Nzidpl2ZHe+/dVPKcUuSGjXHh9RLql5vROUHDS05VlpBSxD8fVHQFTFlDUVMIfAhu7oa8lOUKjGw==;EndpointSuffix=core.windows.net",
            "primary_dfs_endpoint": "",
            "primary_dfs_host": "",
            "primary_file_endpoint": "https://cloudlearners.file.core.windows.net/",
            "primary_file_host": "cloudlearners.file.core.windows.net",
            "primary_location": "southafricanorth",
            "primary_queue_endpoint": "https://cloudlearners.queue.core.windows.net/",
            "primary_queue_host": "cloudlearners.queue.core.windows.net",
            "primary_table_endpoint": "https://cloudlearners.table.core.windows.net/",
            "primary_table_host": "cloudlearners.table.core.windows.net",
            "primary_web_endpoint": "",
            "primary_web_host": "",
            "queue_properties": [
              {
                "cors_rule": [],
                "hour_metrics": [
                  {
                    "enabled": true,
                    "include_apis": true,
                    "retention_policy_days": 7,
                    "version": "1.0"
                  }
                ],
                "logging": [
                  {
                    "delete": false,
                    "read": false,
                    "retention_policy_days": 0,
                    "version": "1.0",
                    "write": false
                  }
                ],
                "minute_metrics": [
                  {
                    "enabled": false,
                    "include_apis": false,
                    "retention_policy_days": 0,
                    "version": "1.0"
                  }
                ]
              }
            ],
            "resource_group_name": "SAN-CloudLearners2019",
            "secondary_access_key": "NO4GtIhaHYTC0KZUmDJ2ZPxozvlxOtKDIDouNzV55zk6/rh5DUObzNfKhBJ5xrMlYn4OkJI8NAYn/p8mmdhegA==",
            "secondary_blob_connection_string": "",
            "secondary_blob_endpoint": null,
            "secondary_blob_host": null,
            "secondary_connection_string": "DefaultEndpointsProtocol=https;AccountName=cloudlearners;AccountKey=NO4GtIhaHYTC0KZUmDJ2ZPxozvlxOtKDIDouNzV55zk6/rh5DUObzNfKhBJ5xrMlYn4OkJI8NAYn/p8mmdhegA==;EndpointSuffix=core.windows.net",
            "secondary_dfs_endpoint": null,
            "secondary_dfs_host": null,
            "secondary_file_endpoint": null,
            "secondary_file_host": null,
            "secondary_location": "southafricawest",
            "secondary_queue_endpoint": null,
            "secondary_queue_host": null,
            "secondary_table_endpoint": null,
            "secondary_table_host": null,
            "secondary_web_endpoint": null,
            "secondary_web_host": null,
            "tags": {
              "group": "cloudlearners"
            }
          },
          "private": "eyJzY2hlbWFfdmVyc2lvbiI6IjIifQ=="
        }
      ]
    },
    {
      "mode": "managed",
      "type": "azurerm_storage_container",
      "name": "la_cont",
      "provider": "provider.azurerm",
      "instances": [
        {
          "schema_version": 1,
          "attributes": {
            "container_access_type": "private",
            "has_immutability_policy": false,
            "has_legal_hold": false,
            "id": "https://cloudlearners.blob.core.windows.net/vhds",
            "metadata": {},
            "name": "vhds",
            "properties": {
              "last_modified": "Mon, 27 Jan 2020 13:02:45 GMT",
              "lease_duration": "",
              "lease_state": "available",
              "lease_status": "unlocked"
            },
            "resource_group_name": "SAN-CloudLearners2019",
            "storage_account_name": "cloudlearners"
          },
          "private": "eyJzY2hlbWFfdmVyc2lvbiI6IjEifQ==",
          "depends_on": [
            "azurerm_storage_account.la-storage"
          ]
        }
      ]
    },
    {
      "mode": "managed",
      "type": "azurerm_subnet",
      "name": "la_subnet_1",
      "provider": "provider.azurerm",
      "instances": [
        {
          "schema_version": 0,
          "attributes": {
            "address_prefix": "192.168.1.0/24",
            "delegation": [],
            "enforce_private_link_endpoint_network_policies": false,
            "enforce_private_link_service_network_policies": false,
            "id": "/subscriptions/7ec2d811-45cb-4534-abf7-75b6ff9f0b69/resourceGroups/SAN-CloudLearners2019/providers/Microsoft.Network/virtualNetworks/Cloud-ft-vnet/subnets/Cloud-Subnet-1",
            "ip_configurations": [],
            "name": "Cloud-Subnet-1",
            "network_security_group_id": "",
            "resource_group_name": "SAN-CloudLearners2019",
            "route_table_id": "",
            "service_endpoints": [],
            "virtual_network_name": "Cloud-ft-vnet"
          },
          "private": "bnVsbA==",
          "depends_on": [
            "azurerm_virtual_network.la_vnet"
          ]
        }
      ]
    },
    {
      "mode": "managed",
      "type": "azurerm_subnet",
      "name": "la_subnet_2",
      "provider": "provider.azurerm",
      "instances": [
        {
          "schema_version": 0,
          "attributes": {
            "address_prefix": "192.168.2.0/24",
            "delegation": [],
            "enforce_private_link_endpoint_network_policies": false,
            "enforce_private_link_service_network_policies": false,
            "id": "/subscriptions/7ec2d811-45cb-4534-abf7-75b6ff9f0b69/resourceGroups/SAN-CloudLearners2019/providers/Microsoft.Network/virtualNetworks/Cloud-ft-vnet/subnets/Cloud-Subnet-2",
            "ip_configurations": [],
            "name": "Cloud-Subnet-2",
            "network_security_group_id": "",
            "resource_group_name": "SAN-CloudLearners2019",
            "route_table_id": "",
            "service_endpoints": [],
            "virtual_network_name": "Cloud-ft-vnet"
          },
          "private": "bnVsbA==",
          "depends_on": [
            "azurerm_virtual_network.la_vnet"
          ]
        }
      ]
    },
    {
      "mode": "managed",
      "type": "azurerm_virtual_network",
      "name": "la_vnet",
      "provider": "provider.azurerm",
      "instances": [
        {
          "schema_version": 0,
          "attributes": {
            "address_space": [
              "192.168.0.0/16"
            ],
            "ddos_protection_plan": [],
            "dns_servers": [],
            "id": "/subscriptions/7ec2d811-45cb-4534-abf7-75b6ff9f0b69/resourceGroups/SAN-CloudLearners2019/providers/Microsoft.Network/virtualNetworks/Cloud-ft-vnet",
            "location": "southafricanorth",
            "name": "Cloud-ft-vnet",
            "resource_group_name": "SAN-CloudLearners2019",
            "subnet": [
              {
                "address_prefix": "192.168.1.0/24",
                "id": "/subscriptions/7ec2d811-45cb-4534-abf7-75b6ff9f0b69/resourceGroups/SAN-CloudLearners2019/providers/Microsoft.Network/virtualNetworks/Cloud-ft-vnet/subnets/Cloud-Subnet-1",
                "name": "Cloud-Subnet-1",
                "security_group": ""
              },
              {
                "address_prefix": "192.168.2.0/24",
                "id": "/subscriptions/7ec2d811-45cb-4534-abf7-75b6ff9f0b69/resourceGroups/SAN-CloudLearners2019/providers/Microsoft.Network/virtualNetworks/Cloud-ft-vnet/subnets/Cloud-Subnet-2",
                "name": "Cloud-Subnet-2",
                "security_group": ""
              }
            ],
            "tags": {}
          },
          "private": "bnVsbA=="
        }
      ]
    }
  ]
}
